{
  "name": "advent-of-code-2021",
  "version": "1.0.0",
  "lockfileVersion": 1,
  "requires": true,
  "dependencies": {
    "@types/node": {
      "version": "16.11.11",
      "resolved": "https://artifactory.98point6.com/artifactory/api/npm/npm-98point6-virtual/@types/node/-/node-16.11.11.tgz",
      "integrity": "sha1-bqc0Lfs3nqEhCDW62oezxRISAjQ=",
      "dev": true
    },
    "fs": {
      "version": "0.0.1-security",
      "resolved": "https://artifactory.98point6.com/artifactory/api/npm/npm-98point6-virtual/fs/-/fs-0.0.1-security.tgz",
      "integrity": "sha1-invTcYa23d84E/I4WLV+yq9eQdQ="
    },
    "lodash": {
      "version": "4.17.21",
      "resolved": "https://artifactory.98point6.com/artifactory/api/npm/npm-98point6-virtual/lodash/-/lodash-4.17.21.tgz",
      "integrity": "sha1-Z5WRxWTDv/quhFTPCz3zcMPWkRw="
    },
    "node": {
      "version": "17.1.0",
      "resolved": "https://artifactory.98point6.com/artifactory/api/npm/npm-98point6-virtual/node/-/node-17.1.0.tgz",
      "integrity": "sha1-oYqPOI54OB266wCuekQU6Z+hynk=",
      "requires": {
        "node-bin-setup": "^1.0.0"
      }
    },
    "node-bin-setup": {
      "version": "1.0.6",
      "resolved": "https://artifactory.98point6.com/artifactory/api/npm/npm-98point6-virtual/node-bin-setup/-/node-bin-setup-1.0.6.tgz",
      "integrity": "sha1-S1ybuTfs5wLXBps2ynivRoRndSg="
    }
  }
}
